// !$*UTF8*$!
{
	archiveVersion = 1;
	classes = {
	};
	objectVersion = 46;
	objects = {

/* Begin PBXBuildFile section */
		CA341CD81348C887007B3B04 /* UIKit.framework in Frameworks */ = {isa = PBXBuildFile; fileRef = CA341CD71348C887007B3B04 /* UIKit.framework */; };
		CA341CDA1348C887007B3B04 /* Foundation.framework in Frameworks */ = {isa = PBXBuildFile; fileRef = CA341CD91348C887007B3B04 /* Foundation.framework */; };
		CA341CDC1348C887007B3B04 /* CoreGraphics.framework in Frameworks */ = {isa = PBXBuildFile; fileRef = CA341CDB1348C887007B3B04 /* CoreGraphics.framework */; };
		CA341CE21348C887007B3B04 /* InfoPlist.strings in Resources */ = {isa = PBXBuildFile; fileRef = CA341CE01348C887007B3B04 /* InfoPlist.strings */; };
		CA341CE51348C887007B3B04 /* main.m in Sources */ = {isa = PBXBuildFile; fileRef = CA341CE41348C887007B3B04 /* main.m */; };
		CA341CE81348C887007B3B04 /* Performance_TuningAppDelegate.m in Sources */ = {isa = PBXBuildFile; fileRef = CA341CE71348C887007B3B04 /* Performance_TuningAppDelegate.m */; };
		CA341CEB1348C887007B3B04 /* MainWindow.xib in Resources */ = {isa = PBXBuildFile; fileRef = CA341CE91348C887007B3B04 /* MainWindow.xib */; };
		CA341CEE1348C887007B3B04 /* RootViewController.m in Sources */ = {isa = PBXBuildFile; fileRef = CA341CED1348C887007B3B04 /* RootViewController.m */; };
		CA341CF11348C887007B3B04 /* RootViewController.xib in Resources */ = {isa = PBXBuildFile; fileRef = CA341CEF1348C887007B3B04 /* RootViewController.xib */; };
/* End PBXBuildFile section */

/* Begin PBXFileReference section */
		CA341CD31348C887007B3B04 /* Performance Tuning.app */ = {isa = PBXFileReference; explicitFileType = wrapper.application; includeInIndex = 0; path = "Performance Tuning.app"; sourceTree = BUILT_PRODUCTS_DIR; };
		CA341CD71348C887007B3B04 /* UIKit.framework */ = {isa = PBXFileReference; lastKnownFileType = wrapper.framework; name = UIKit.framework; path = System/Library/Frameworks/UIKit.framework; sourceTree = SDKROOT; };
		CA341CD91348C887007B3B04 /* Foundation.framework */ = {isa = PBXFileReference; lastKnownFileType = wrapper.framework; name = Foundation.framework; path = System/Library/Frameworks/Foundation.framework; sourceTree = SDKROOT; };
		CA341CDB1348C887007B3B04 /* CoreGraphics.framework */ = {isa = PBXFileReference; lastKnownFileType = wrapper.framework; name = CoreGraphics.framework; path = System/Library/Frameworks/CoreGraphics.framework; sourceTree = SDKROOT; };
		CA341CDF1348C887007B3B04 /* Performance Tuning-Info.plist */ = {isa = PBXFileReference; lastKnownFileType = text.plist.xml; path = "Performance Tuning-Info.plist"; sourceTree = "<group>"; };
		CA341CE11348C887007B3B04 /* en */ = {isa = PBXFileReference; lastKnownFileType = text.plist.strings; name = en; path = en.lproj/InfoPlist.strings; sourceTree = "<group>"; };
		CA341CE31348C887007B3B04 /* Performance Tuning-Prefix.pch */ = {isa = PBXFileReference; lastKnownFileType = sourcecode.c.h; path = "Performance Tuning-Prefix.pch"; sourceTree = "<group>"; };
		CA341CE41348C887007B3B04 /* main.m */ = {isa = PBXFileReference; lastKnownFileType = sourcecode.c.objc; path = main.m; sourceTree = "<group>"; };
		CA341CE61348C887007B3B04 /* Performance_TuningAppDelegate.h */ = {isa = PBXFileReference; lastKnownFileType = sourcecode.c.h; path = Performance_TuningAppDelegate.h; sourceTree = "<group>"; };
		CA341CE71348C887007B3B04 /* Performance_TuningAppDelegate.m */ = {isa = PBXFileReference; lastKnownFileType = sourcecode.c.objc; path = Performance_TuningAppDelegate.m; sourceTree = "<group>"; };
		CA341CEA1348C887007B3B04 /* en */ = {isa = PBXFileReference; lastKnownFileType = file.xib; name = en; path = en.lproj/MainWindow.xib; sourceTree = "<group>"; };
		CA341CEC1348C887007B3B04 /* RootViewController.h */ = {isa = PBXFileReference; lastKnownFileType = sourcecode.c.h; path = RootViewController.h; sourceTree = "<group>"; };
		CA341CED1348C887007B3B04 /* RootViewController.m */ = {isa = PBXFileReference; lastKnownFileType = sourcecode.c.objc; path = RootViewController.m; sourceTree = "<group>"; };
		CA341CF01348C887007B3B04 /* en */ = {isa = PBXFileReference; lastKnownFileType = file.xib; name = en; path = en.lproj/RootViewController.xib; sourceTree = "<group>"; };
/* End PBXFileReference section */

/* Begin PBXFrameworksBuildPhase section */
		CA341CD01348C887007B3B04 /* Frameworks */ = {
			isa = PBXFrameworksBuildPhase;
			buildActionMask = 2147483647;
			files = (
				CA341CD81348C887007B3B04 /* UIKit.framework in Frameworks */,
				CA341CDA1348C887007B3B04 /* Foundation.framework in Frameworks */,
				CA341CDC1348C887007B3B04 /* CoreGraphics.framework in Frameworks */,
			);
			runOnlyForDeploymentPostprocessing = 0;
		};
/* End PBXFrameworksBuildPhase section */

/* Begin PBXGroup section */
		CA341CC81348C887007B3B04 = {
			isa = PBXGroup;
			children = (
				CA341CDD1348C887007B3B04 /* Performance Tuning */,
				CA341CD61348C887007B3B04 /* Frameworks */,
				CA341CD41348C887007B3B04 /* Products */,
			);
			sourceTree = "<group>";
		};
		CA341CD41348C887007B3B04 /* Products */ = {
			isa = PBXGroup;
			children = (
				CA341CD31348C887007B3B04 /* Performance Tuning.app */,
			);
			name = Products;
			sourceTree = "<group>";
		};
		CA341CD61348C887007B3B04 /* Frameworks */ = {
			isa = PBXGroup;
			children = (
				CA341CD71348C887007B3B04 /* UIKit.framework */,
				CA341CD91348C887007B3B04 /* Foundation.framework */,
				CA341CDB1348C887007B3B04 /* CoreGraphics.framework */,
			);
			name = Frameworks;
			sourceTree = "<group>";
		};
		CA341CDD1348C887007B3B04 /* Performance Tuning */ = {
			isa = PBXGroup;
			children = (
				CA341CE61348C887007B3B04 /* Performance_TuningAppDelegate.h */,
				CA341CE71348C887007B3B04 /* Performance_TuningAppDelegate.m */,
				CA341CE91348C887007B3B04 /* MainWindow.xib */,
				CA341CEC1348C887007B3B04 /* RootViewController.h */,
				CA341CED1348C887007B3B04 /* RootViewController.m */,
				CA341CEF1348C887007B3B04 /* RootViewController.xib */,
				CA341CDE1348C887007B3B04 /* Supporting Files */,
			);
			path = "Performance Tuning";
			sourceTree = "<group>";
		};
		CA341CDE1348C887007B3B04 /* Supporting Files */ = {
			isa = PBXGroup;
			children = (
				CA341CDF1348C887007B3B04 /* Performance Tuning-Info.plist */,
				CA341CE01348C887007B3B04 /* InfoPlist.strings */,
				CA341CE31348C887007B3B04 /* Performance Tuning-Prefix.pch */,
				CA341CE41348C887007B3B04 /* main.m */,
			);
			name = "Supporting Files";
			sourceTree = "<group>";
		};
/* End PBXGroup section */

/* Begin PBXNativeTarget section */
		CA341CD21348C887007B3B04 /* Performance Tuning */ = {
			isa = PBXNativeTarget;
			buildConfigurationList = CA341CF41348C887007B3B04 /* Build configuration list for PBXNativeTarget "Performance Tuning" */;
			buildPhases = (
				CA341CCF1348C887007B3B04 /* Sources */,
				CA341CD01348C887007B3B04 /* Frameworks */,
				CA341CD11348C887007B3B04 /* Resources */,
			);
			buildRules = (
			);
			dependencies = (
			);
			name = "Performance Tuning";
			productName = "Performance Tuning";
			productReference = CA341CD31348C887007B3B04 /* Performance Tuning.app */;
			productType = "com.apple.product-type.application";
		};
/* End PBXNativeTarget section */

/* Begin PBXProject section */
		CA341CCA1348C887007B3B04 /* Project object */ = {
			isa = PBXProject;
			attributes = {
				ORGANIZATIONNAME = "While This, Inc.";
			};
			buildConfigurationList = CA341CCD1348C887007B3B04 /* Build configuration list for PBXProject "Performance Tuning" */;
			compatibilityVersion = "Xcode 3.2";
			developmentRegion = English;
			hasScannedForEncodings = 0;
			knownRegions = (
				en,
			);
			mainGroup = CA341CC81348C887007B3B04;
			productRefGroup = CA341CD41348C887007B3B04 /* Products */;
			projectDirPath = "";
			projectRoot = "";
			targets = (
				CA341CD21348C887007B3B04 /* Performance Tuning */,
			);
		};
/* End PBXProject section */

/* Begin PBXResourcesBuildPhase section */
		CA341CD11348C887007B3B04 /* Resources */ = {
			isa = PBXResourcesBuildPhase;
			buildActionMask = 2147483647;
			files = (
				CA341CE21348C887007B3B04 /* InfoPlist.strings in Resources */,
				CA341CEB1348C887007B3B04 /* MainWindow.xib in Resources */,
				CA341CF11348C887007B3B04 /* RootViewController.xib in Resources */,
			);
			runOnlyForDeploymentPostprocessing = 0;
		};
/* End PBXResourcesBuildPhase section */

/* Begin PBXSourcesBuildPhase section */
		CA341CCF1348C887007B3B04 /* Sources */ = {
			isa = PBXSourcesBuildPhase;
			buildActionMask = 2147483647;
			files = (
				CA341CE51348C887007B3B04 /* main.m in Sources */,
				CA341CE81348C887007B3B04 /* Performance_TuningAppDelegate.m in Sources */,
				CA341CEE1348C887007B3B04 /* RootViewController.m in Sources */,
			);
			runOnlyForDeploymentPostprocessing = 0;
		};
/* End PBXSourcesBuildPhase section */

/* Begin PBXVariantGroup section */
		CA341CE01348C887007B3B04 /* InfoPlist.strings */ = {
			isa = PBXVariantGroup;
			children = (
				CA341CE11348C887007B3B04 /* en */,
			);
			name = InfoPlist.strings;
			sourceTree = "<group>";
		};
		CA341CE91348C887007B3B04 /* MainWindow.xib */ = {
			isa = PBXVariantGroup;
			children = (
				CA341CEA1348C887007B3B04 /* en */,
			);
			name = MainWindow.xib;
			sourceTree = "<group>";
		};
		CA341CEF1348C887007B3B04 /* RootViewController.xib */ = {
			isa = PBXVariantGroup;
			children = (
				CA341CF01348C887007B3B04 /* en */,
			);
			name = RootViewController.xib;
			sourceTree = "<group>";
		};
/* End PBXVariantGroup section */

/* Begin XCBuildConfiguration section */
		CA341CF21348C887007B3B04 /* Debug */ = {
			isa = XCBuildConfiguration;
			buildSettings = {
				ARCHS = "$(ARCHS_STANDARD_32_BIT)";
				"CODE_SIGN_IDENTITY[sdk=iphoneos*]" = "iPhone Developer";
				GCC_C_LANGUAGE_STANDARD = gnu99;
				GCC_OPTIMIZATION_LEVEL = 0;
				GCC_PREPROCESSOR_DEFINITIONS = DEBUG;
				GCC_SYMBOLS_PRIVATE_EXTERN = NO;
				GCC_VERSION = com.apple.compilers.llvmgcc42;
				GCC_WARN_ABOUT_RETURN_TYPE = YES;
				GCC_WARN_UNUSED_VARIABLE = YES;
				IPHONEOS_DEPLOYMENT_TARGET = 4.3;
				SDKROOT = iphoneos;
			};
			name = Debug;
		};
		CA341CF31348C887007B3B04 /* Release */ = {
			isa = XCBuildConfiguration;
			buildSettings = {
				ARCHS = "$(ARCHS_STANDARD_32_BIT)";
				"CODE_SIGN_IDENTITY[sdk=iphoneos*]" = "iPhone Developer";
				GCC_C_LANGUAGE_STANDARD = gnu99;
				GCC_VERSION = com.apple.compilers.llvmgcc42;
				GCC_WARN_ABOUT_RETURN_TYPE = YES;
				GCC_WARN_UNUSED_VARIABLE = YES;
				IPHONEOS_DEPLOYMENT_TARGET = 4.3;
				OTHER_CFLAGS = "-DNS_BLOCK_ASSERTIONS=1";
				SDKROOT = iphoneos;
			};
			name = Release;
		};
		CA341CF51348C887007B3B04 /* Debug */ = {
			isa = XCBuildConfiguration;
			buildSettings = {
				ALWAYS_SEARCH_USER_PATHS = NO;
				COPY_PHASE_STRIP = NO;
				GCC_DYNAMIC_NO_PIC = NO;
				GCC_PRECOMPILE_PREFIX_HEADER = YES;
				GCC_PREFIX_HEADER = "Performance Tuning/Performance Tuning-Prefix.pch";
				INFOPLIST_FILE = "Performance Tuning/Performance Tuning-Info.plist";
				PRODUCT_NAME = "$(TARGET_NAME)";
				WRAPPER_EXTENSION = app;
			};
			name = Debug;
		};
		CA341CF61348C887007B3B04 /* Release */ = {
			isa = XCBuildConfiguration;
			buildSettings = {
				ALWAYS_SEARCH_USER_PATHS = NO;
				COPY_PHASE_STRIP = YES;
				GCC_PRECOMPILE_PREFIX_HEADER = YES;
				GCC_PREFIX_HEADER = "Performance Tuning/Performance Tuning-Prefix.pch";
				INFOPLIST_FILE = "Performance Tuning/Performance Tuning-Info.plist";
				PRODUCT_NAME = "$(TARGET_NAME)";
				VALIDATE_PRODUCT = YES;
				WRAPPER_EXTENSION = app;
			};
			name = Release;
		};
		CA341CF71348C891007B3B04 /* Profile */ = {
			isa = XCBuildConfiguration;
			buildSettings = {
				ARCHS = "$(ARCHS_STANDARD_32_BIT)";
				"CODE_SIGN_IDENTITY[sdk=iphoneos*]" = "iPhone Developer";
				GCC_C_LANGUAGE_STANDARD = gnu99;
				GCC_VERSION = com.apple.compilers.llvmgcc42;
				GCC_WARN_ABOUT_RETURN_TYPE = YES;
				GCC_WARN_UNUSED_VARIABLE = YES;
				IPHONEOS_DEPLOYMENT_TARGET = 4.3;
				OTHER_CFLAGS = "-DNS_BLOCK_ASSERTIONS=1";
				SDKROOT = iphoneos;
			};
			name = Profile;
		};
		CA341CF81348C891007B3B04 /* Profile */ = {
			isa = XCBuildConfiguration;
			buildSettings = {
				ALWAYS_SEARCH_USER_PATHS = NO;
				COPY_PHASE_STRIP = YES;
				GCC_PRECOMPILE_PREFIX_HEADER = YES;
				GCC_PREFIX_HEADER = "Performance Tuning/Performance Tuning-Prefix.pch";
				INFOPLIST_FILE = "Performance Tuning/Performance Tuning-Info.plist";
				PRODUCT_NAME = "$(TARGET_NAME)";
				VALIDATE_PRODUCT = YES;
				WRAPPER_EXTENSION = app;
			};
			name = Profile;
		};
/* End XCBuildConfiguration section */

/* Begin XCConfigurationList section */
		CA341CCD1348C887007B3B04 /* Build configuration list for PBXProject "Performance Tuning" */ = {
			isa = XCConfigurationList;
			buildConfigurations = (
				CA341CF21348C887007B3B04 /* Debug */,
				CA341CF31348C887007B3B04 /* Release */,
				CA341CF71348C891007B3B04 /* Profile */,
			);
			defaultConfigurationIsVisible = 0;
			defaultConfigurationName = Release;
		};
		CA341CF41348C887007B3B04 /* Build configuration list for PBXNativeTarget "Performance Tuning" */ = {
			isa = XCConfigurationList;
			buildConfigurations = (
				CA341CF51348C887007B3B04 /* Debug */,
				CA341CF61348C887007B3B04 /* Release */,
				CA341CF81348C891007B3B04 /* Profile */,
			);
			defaultConfigurationIsVisible = 0;
		};
/* End XCConfigurationList section */
	};
	rootObject = CA341CCA1348C887007B3B04 /* Project object */;
}
